
Microsoft Visual Studio Solution File, Format Version 12.00
# Visual Studio Version 16
VisualStudioVersion = 16.0.28803.352
MinimumVisualStudioVersion = 10.0.40219.1
Project("{9A19103F-16F7-4668-BE54-9A1E7A4F7556}") = "NullableReferenceTypes", "src\NullableReferenceTypes\NullableReferenceTypes.csproj", "{D15AC484-459C-4477-A54E-5AC78399ABE9}"
EndProject
Global
	GlobalSection(SolutionConfigurationPlatforms) = preSolution
		Debug|Any CPU = Debug|Any CPU
		Release|Any CPU = Release|Any CPU
	EndGlobalSection
	GlobalSection(ProjectConfigurationPlatforms) = postSolution
		{D15AC484-459C-4477-A54E-5AC78399ABE9}.Debug|Any CPU.ActiveCfg = Debug|Any CPU
		{D15AC484-459C-4477-A54E-5AC78399ABE9}.Debug|Any CPU.Build.0 = Debug|Any CPU
		{D15AC484-459C-4477-A54E-5AC78399ABE9}.Release|Any CPU.ActiveCfg = Release|Any CPU
		{D15AC484-459C-4477-A54E-5AC78399ABE9}.Release|Any CPU.Build.0 = Release|Any CPU
	EndGlobalSection
	GlobalSection(SolutionProperties) = preSolution
		HideSolutionNode = FALSE
	EndGlobalSection
	GlobalSection(ExtensibilityGlobals) = postSolution
		SolutionGuid = {EA6E2F7C-63E7-4E18-B909-267930205E92}
	EndGlobalSection
EndGlobal
