
Microsoft Visual Studio Solution File, Format Version 12.00
# Visual Studio Version 16
VisualStudioVersion = 16.0.28803.352
MinimumVisualStudioVersion = 10.0.40219.1
Project("{9A19103F-16F7-4668-BE54-9A1E7A4F7556}") = "NullableReferenceTypes", "src\NullableReferenceTypes\NullableReferenceTypes.csproj", "{D15AC484-459C-4477-A54E-5AC78399ABE9}"
EndProject
Project("{FAE04EC0-301F-11D3-BF4B-00C04F79EFBC}") = "DefaultImplementations", "src\DefaultImplementations\DefaultImplementations.csproj", "{84A740BC-92D0-48D1-8408-3C9DF441BD44}"
EndProject
Project("{FAE04EC0-301F-11D3-BF4B-00C04F79EFBC}") = "SwitchExpressions", "src\SwitchExpressions\SwitchExpressions.csproj", "{EEDDCBB7-D884-4724-B6D4-4A3897F2A2C0}"
EndProject
Project("{FAE04EC0-301F-11D3-BF4B-00C04F79EFBC}") = "RangesAndIndices", "src\RangesAndIndices\RangesAndIndices.csproj", "{8DB63D42-3497-49FB-A766-D7DD1F914521}"
EndProject
Project("{FAE04EC0-301F-11D3-BF4B-00C04F79EFBC}") = "AsyncStreams", "src\AsyncStreams\AsyncStreams.csproj", "{3D7184E0-0510-4D09-A785-09B87B6F3F69}"
EndProject
Project("{FAE04EC0-301F-11D3-BF4B-00C04F79EFBC}") = "RecursivePatterns", "src\RecursivePatterns\RecursivePatterns.csproj", "{3B7B271E-74EB-4736-9B46-C4D79CC9865F}"
EndProject
Project("{FAE04EC0-301F-11D3-BF4B-00C04F79EFBC}") = "TargetTypedNewExpressions", "src\TargetTypedNewExpressions\TargetTypedNewExpressions.csproj", "{FD8A1E1D-F5BE-4F43-AA15-77A73282079D}"
EndProject
Global
	GlobalSection(SolutionConfigurationPlatforms) = preSolution
		Debug|Any CPU = Debug|Any CPU
		Release|Any CPU = Release|Any CPU
	EndGlobalSection
	GlobalSection(ProjectConfigurationPlatforms) = postSolution
		{D15AC484-459C-4477-A54E-5AC78399ABE9}.Debug|Any CPU.ActiveCfg = Debug|Any CPU
		{D15AC484-459C-4477-A54E-5AC78399ABE9}.Debug|Any CPU.Build.0 = Debug|Any CPU
		{D15AC484-459C-4477-A54E-5AC78399ABE9}.Release|Any CPU.ActiveCfg = Release|Any CPU
		{D15AC484-459C-4477-A54E-5AC78399ABE9}.Release|Any CPU.Build.0 = Release|Any CPU
		{84A740BC-92D0-48D1-8408-3C9DF441BD44}.Debug|Any CPU.ActiveCfg = Debug|Any CPU
		{84A740BC-92D0-48D1-8408-3C9DF441BD44}.Debug|Any CPU.Build.0 = Debug|Any CPU
		{84A740BC-92D0-48D1-8408-3C9DF441BD44}.Release|Any CPU.ActiveCfg = Release|Any CPU
		{84A740BC-92D0-48D1-8408-3C9DF441BD44}.Release|Any CPU.Build.0 = Release|Any CPU
		{EEDDCBB7-D884-4724-B6D4-4A3897F2A2C0}.Debug|Any CPU.ActiveCfg = Debug|Any CPU
		{EEDDCBB7-D884-4724-B6D4-4A3897F2A2C0}.Debug|Any CPU.Build.0 = Debug|Any CPU
		{EEDDCBB7-D884-4724-B6D4-4A3897F2A2C0}.Release|Any CPU.ActiveCfg = Release|Any CPU
		{EEDDCBB7-D884-4724-B6D4-4A3897F2A2C0}.Release|Any CPU.Build.0 = Release|Any CPU
		{8DB63D42-3497-49FB-A766-D7DD1F914521}.Debug|Any CPU.ActiveCfg = Debug|Any CPU
		{8DB63D42-3497-49FB-A766-D7DD1F914521}.Debug|Any CPU.Build.0 = Debug|Any CPU
		{8DB63D42-3497-49FB-A766-D7DD1F914521}.Release|Any CPU.ActiveCfg = Release|Any CPU
		{8DB63D42-3497-49FB-A766-D7DD1F914521}.Release|Any CPU.Build.0 = Release|Any CPU
		{3D7184E0-0510-4D09-A785-09B87B6F3F69}.Debug|Any CPU.ActiveCfg = Debug|Any CPU
		{3D7184E0-0510-4D09-A785-09B87B6F3F69}.Debug|Any CPU.Build.0 = Debug|Any CPU
		{3D7184E0-0510-4D09-A785-09B87B6F3F69}.Release|Any CPU.ActiveCfg = Release|Any CPU
		{3D7184E0-0510-4D09-A785-09B87B6F3F69}.Release|Any CPU.Build.0 = Release|Any CPU
		{3B7B271E-74EB-4736-9B46-C4D79CC9865F}.Debug|Any CPU.ActiveCfg = Debug|Any CPU
		{3B7B271E-74EB-4736-9B46-C4D79CC9865F}.Debug|Any CPU.Build.0 = Debug|Any CPU
		{3B7B271E-74EB-4736-9B46-C4D79CC9865F}.Release|Any CPU.ActiveCfg = Release|Any CPU
		{3B7B271E-74EB-4736-9B46-C4D79CC9865F}.Release|Any CPU.Build.0 = Release|Any CPU
		{FD8A1E1D-F5BE-4F43-AA15-77A73282079D}.Debug|Any CPU.ActiveCfg = Debug|Any CPU
		{FD8A1E1D-F5BE-4F43-AA15-77A73282079D}.Debug|Any CPU.Build.0 = Debug|Any CPU
		{FD8A1E1D-F5BE-4F43-AA15-77A73282079D}.Release|Any CPU.ActiveCfg = Release|Any CPU
		{FD8A1E1D-F5BE-4F43-AA15-77A73282079D}.Release|Any CPU.Build.0 = Release|Any CPU
	EndGlobalSection
	GlobalSection(SolutionProperties) = preSolution
		HideSolutionNode = FALSE
	EndGlobalSection
	GlobalSection(ExtensibilityGlobals) = postSolution
		SolutionGuid = {EA6E2F7C-63E7-4E18-B909-267930205E92}
	EndGlobalSection
EndGlobal
